// !$*UTF8*$!
{
	archiveVersion = 1;
	classes = {
	};
	objectVersion = 56;
	objects = {

/* Begin PBXBuildFile section */
		A0034DD12C1C204400069F0A /* Control Flow.swift in Sources */ = {isa = PBXBuildFile; fileRef = A0034DD02C1C204400069F0A /* Control Flow.swift */; };
		A04204172C1C7B6C009EBE0D /* Functions.swift in Sources */ = {isa = PBXBuildFile; fileRef = A04204162C1C7B6C009EBE0D /* Functions.swift */; };
		A04204192C203FA5009EBE0D /* Closures.swift in Sources */ = {isa = PBXBuildFile; fileRef = A04204182C203FA5009EBE0D /* Closures.swift */; };
		A0558A9F2C173FEC00862740 /* Basics.swift in Sources */ = {isa = PBXBuildFile; fileRef = A0558A9E2C173FEC00862740 /* Basics.swift */; };
		A0967A872C184F080002CC9A /* Basic Operators.swift in Sources */ = {isa = PBXBuildFile; fileRef = A0967A862C184F080002CC9A /* Basic Operators.swift */; };
		A09807092C172A7300B8138F /* AppDelegate.swift in Sources */ = {isa = PBXBuildFile; fileRef = A09807082C172A7300B8138F /* AppDelegate.swift */; };
		A098070B2C172A7300B8138F /* SceneDelegate.swift in Sources */ = {isa = PBXBuildFile; fileRef = A098070A2C172A7300B8138F /* SceneDelegate.swift */; };
		A098070D2C172A7300B8138F /* ViewController.swift in Sources */ = {isa = PBXBuildFile; fileRef = A098070C2C172A7300B8138F /* ViewController.swift */; };
		A09807102C172A7300B8138F /* Base in Resources */ = {isa = PBXBuildFile; fileRef = A098070F2C172A7300B8138F /* Base */; };
		A09807122C172A7500B8138F /* Assets.xcassets in Resources */ = {isa = PBXBuildFile; fileRef = A09807112C172A7500B8138F /* Assets.xcassets */; };
		A09807152C172A7500B8138F /* Base in Resources */ = {isa = PBXBuildFile; fileRef = A09807142C172A7500B8138F /* Base */; };
		A09807202C172A7600B8138F /* PracticeTests.swift in Sources */ = {isa = PBXBuildFile; fileRef = A098071F2C172A7600B8138F /* PracticeTests.swift */; };
		A098072A2C172A7600B8138F /* PracticeUITests.swift in Sources */ = {isa = PBXBuildFile; fileRef = A09807292C172A7600B8138F /* PracticeUITests.swift */; };
		A098072C2C172A7600B8138F /* PracticeUITestsLaunchTests.swift in Sources */ = {isa = PBXBuildFile; fileRef = A098072B2C172A7600B8138F /* PracticeUITestsLaunchTests.swift */; };
		A0B5D4672C19CDD300B5923F /* Strings and Characters.swift in Sources */ = {isa = PBXBuildFile; fileRef = A0B5D4662C19CDD300B5923F /* Strings and Characters.swift */; };
		A0B5D4692C19D0D200B5923F /* Collection Types.swift in Sources */ = {isa = PBXBuildFile; fileRef = A0B5D4682C19D0D200B5923F /* Collection Types.swift */; };
		A0FC63D42C235C7E00A4C4C8 /* Enumerations.swift in Sources */ = {isa = PBXBuildFile; fileRef = A0FC63D32C235C7E00A4C4C8 /* Enumerations.swift */; };
		A0FC63D62C235F1E00A4C4C8 /* Structures And Classes.swift in Sources */ = {isa = PBXBuildFile; fileRef = A0FC63D52C235F1E00A4C4C8 /* Structures And Classes.swift */; };
		A0FC63D82C240CDD00A4C4C8 /* Properties.swift in Sources */ = {isa = PBXBuildFile; fileRef = A0FC63D72C240CDD00A4C4C8 /* Properties.swift */; };
		A0FC63DA2C296C0300A4C4C8 /* Methods.swift in Sources */ = {isa = PBXBuildFile; fileRef = A0FC63D92C296C0300A4C4C8 /* Methods.swift */; };
<<<<<<< HEAD
<<<<<<< HEAD
		A0FC63DC2C2993C900A4C4C8 /* Subscripts.swift in Sources */ = {isa = PBXBuildFile; fileRef = A0FC63DB2C2993C900A4C4C8 /* Subscripts.swift */; };
<<<<<<< HEAD
=======
		A0FC63DE2C2AA12700A4C4C8 /* ARC.swift in Sources */ = {isa = PBXBuildFile; fileRef = A0FC63DD2C2AA12700A4C4C8 /* ARC.swift */; };
>>>>>>> 26_ARC
=======
		A0FC63E02C2B437900A4C4C8 /* Inheritance.swift in Sources */ = {isa = PBXBuildFile; fileRef = A0FC63DF2C2B437900A4C4C8 /* Inheritance.swift */; };
>>>>>>> 13_Inheritance
=======
		A0FC63E42C2BF3C000A4C4C8 /* Initialization.swift in Sources */ = {isa = PBXBuildFile; fileRef = A0FC63E32C2BF3C000A4C4C8 /* Initialization.swift */; };
>>>>>>> 14_Initialization
/* End PBXBuildFile section */

/* Begin PBXContainerItemProxy section */
		A098071C2C172A7600B8138F /* PBXContainerItemProxy */ = {
			isa = PBXContainerItemProxy;
			containerPortal = A09806FD2C172A7300B8138F /* Project object */;
			proxyType = 1;
			remoteGlobalIDString = A09807042C172A7300B8138F;
			remoteInfo = Practice;
		};
		A09807262C172A7600B8138F /* PBXContainerItemProxy */ = {
			isa = PBXContainerItemProxy;
			containerPortal = A09806FD2C172A7300B8138F /* Project object */;
			proxyType = 1;
			remoteGlobalIDString = A09807042C172A7300B8138F;
			remoteInfo = Practice;
		};
/* End PBXContainerItemProxy section */

/* Begin PBXFileReference section */
		A0034DD02C1C204400069F0A /* Control Flow.swift */ = {isa = PBXFileReference; lastKnownFileType = sourcecode.swift; path = "Control Flow.swift"; sourceTree = "<group>"; };
		A04204162C1C7B6C009EBE0D /* Functions.swift */ = {isa = PBXFileReference; lastKnownFileType = sourcecode.swift; path = Functions.swift; sourceTree = "<group>"; };
		A04204182C203FA5009EBE0D /* Closures.swift */ = {isa = PBXFileReference; lastKnownFileType = sourcecode.swift; path = Closures.swift; sourceTree = "<group>"; };
		A0558A9E2C173FEC00862740 /* Basics.swift */ = {isa = PBXFileReference; fileEncoding = 4; lastKnownFileType = sourcecode.swift; path = Basics.swift; sourceTree = "<group>"; };
		A0967A862C184F080002CC9A /* Basic Operators.swift */ = {isa = PBXFileReference; lastKnownFileType = sourcecode.swift; path = "Basic Operators.swift"; sourceTree = "<group>"; };
		A09807052C172A7300B8138F /* Practice.app */ = {isa = PBXFileReference; explicitFileType = wrapper.application; includeInIndex = 0; path = Practice.app; sourceTree = BUILT_PRODUCTS_DIR; };
		A09807082C172A7300B8138F /* AppDelegate.swift */ = {isa = PBXFileReference; lastKnownFileType = sourcecode.swift; path = AppDelegate.swift; sourceTree = "<group>"; };
		A098070A2C172A7300B8138F /* SceneDelegate.swift */ = {isa = PBXFileReference; lastKnownFileType = sourcecode.swift; path = SceneDelegate.swift; sourceTree = "<group>"; };
		A098070C2C172A7300B8138F /* ViewController.swift */ = {isa = PBXFileReference; lastKnownFileType = sourcecode.swift; path = ViewController.swift; sourceTree = "<group>"; };
		A098070F2C172A7300B8138F /* Base */ = {isa = PBXFileReference; lastKnownFileType = file.storyboard; name = Base; path = Base.lproj/Main.storyboard; sourceTree = "<group>"; };
		A09807112C172A7500B8138F /* Assets.xcassets */ = {isa = PBXFileReference; lastKnownFileType = folder.assetcatalog; path = Assets.xcassets; sourceTree = "<group>"; };
		A09807142C172A7500B8138F /* Base */ = {isa = PBXFileReference; lastKnownFileType = file.storyboard; name = Base; path = Base.lproj/LaunchScreen.storyboard; sourceTree = "<group>"; };
		A09807162C172A7500B8138F /* Info.plist */ = {isa = PBXFileReference; lastKnownFileType = text.plist.xml; path = Info.plist; sourceTree = "<group>"; };
		A098071B2C172A7600B8138F /* PracticeTests.xctest */ = {isa = PBXFileReference; explicitFileType = wrapper.cfbundle; includeInIndex = 0; path = PracticeTests.xctest; sourceTree = BUILT_PRODUCTS_DIR; };
		A098071F2C172A7600B8138F /* PracticeTests.swift */ = {isa = PBXFileReference; lastKnownFileType = sourcecode.swift; path = PracticeTests.swift; sourceTree = "<group>"; };
		A09807252C172A7600B8138F /* PracticeUITests.xctest */ = {isa = PBXFileReference; explicitFileType = wrapper.cfbundle; includeInIndex = 0; path = PracticeUITests.xctest; sourceTree = BUILT_PRODUCTS_DIR; };
		A09807292C172A7600B8138F /* PracticeUITests.swift */ = {isa = PBXFileReference; lastKnownFileType = sourcecode.swift; path = PracticeUITests.swift; sourceTree = "<group>"; };
		A098072B2C172A7600B8138F /* PracticeUITestsLaunchTests.swift */ = {isa = PBXFileReference; lastKnownFileType = sourcecode.swift; path = PracticeUITestsLaunchTests.swift; sourceTree = "<group>"; };
		A0B5D4662C19CDD300B5923F /* Strings and Characters.swift */ = {isa = PBXFileReference; lastKnownFileType = sourcecode.swift; path = "Strings and Characters.swift"; sourceTree = "<group>"; };
		A0B5D4682C19D0D200B5923F /* Collection Types.swift */ = {isa = PBXFileReference; lastKnownFileType = sourcecode.swift; path = "Collection Types.swift"; sourceTree = "<group>"; };
		A0FC63D32C235C7E00A4C4C8 /* Enumerations.swift */ = {isa = PBXFileReference; lastKnownFileType = sourcecode.swift; path = Enumerations.swift; sourceTree = "<group>"; };
		A0FC63D52C235F1E00A4C4C8 /* Structures And Classes.swift */ = {isa = PBXFileReference; lastKnownFileType = sourcecode.swift; path = "Structures And Classes.swift"; sourceTree = "<group>"; };
		A0FC63D72C240CDD00A4C4C8 /* Properties.swift */ = {isa = PBXFileReference; lastKnownFileType = sourcecode.swift; path = Properties.swift; sourceTree = "<group>"; };
		A0FC63D92C296C0300A4C4C8 /* Methods.swift */ = {isa = PBXFileReference; lastKnownFileType = sourcecode.swift; path = Methods.swift; sourceTree = "<group>"; };
<<<<<<< HEAD
<<<<<<< HEAD
		A0FC63DB2C2993C900A4C4C8 /* Subscripts.swift */ = {isa = PBXFileReference; lastKnownFileType = sourcecode.swift; path = Subscripts.swift; sourceTree = "<group>"; };
<<<<<<< HEAD
=======
		A0FC63DD2C2AA12700A4C4C8 /* ARC.swift */ = {isa = PBXFileReference; lastKnownFileType = sourcecode.swift; path = ARC.swift; sourceTree = "<group>"; };
>>>>>>> 26_ARC
=======
		A0FC63DF2C2B437900A4C4C8 /* Inheritance.swift */ = {isa = PBXFileReference; lastKnownFileType = sourcecode.swift; path = Inheritance.swift; sourceTree = "<group>"; };
>>>>>>> 13_Inheritance
=======
		A0FC63E32C2BF3C000A4C4C8 /* Initialization.swift */ = {isa = PBXFileReference; lastKnownFileType = sourcecode.swift; path = Initialization.swift; sourceTree = "<group>"; };
>>>>>>> 14_Initialization
/* End PBXFileReference section */

/* Begin PBXFrameworksBuildPhase section */
		A09807022C172A7300B8138F /* Frameworks */ = {
			isa = PBXFrameworksBuildPhase;
			buildActionMask = 2147483647;
			files = (
			);
			runOnlyForDeploymentPostprocessing = 0;
		};
		A09807182C172A7600B8138F /* Frameworks */ = {
			isa = PBXFrameworksBuildPhase;
			buildActionMask = 2147483647;
			files = (
			);
			runOnlyForDeploymentPostprocessing = 0;
		};
		A09807222C172A7600B8138F /* Frameworks */ = {
			isa = PBXFrameworksBuildPhase;
			buildActionMask = 2147483647;
			files = (
			);
			runOnlyForDeploymentPostprocessing = 0;
		};
/* End PBXFrameworksBuildPhase section */

/* Begin PBXGroup section */
		A09806FC2C172A7300B8138F = {
			isa = PBXGroup;
			children = (
				A09807072C172A7300B8138F /* Practice */,
				A098071E2C172A7600B8138F /* PracticeTests */,
				A09807282C172A7600B8138F /* PracticeUITests */,
				A09807062C172A7300B8138F /* Products */,
			);
			sourceTree = "<group>";
		};
		A09807062C172A7300B8138F /* Products */ = {
			isa = PBXGroup;
			children = (
				A09807052C172A7300B8138F /* Practice.app */,
				A098071B2C172A7600B8138F /* PracticeTests.xctest */,
				A09807252C172A7600B8138F /* PracticeUITests.xctest */,
			);
			name = Products;
			sourceTree = "<group>";
		};
		A09807072C172A7300B8138F /* Practice */ = {
			isa = PBXGroup;
			children = (
				A09807082C172A7300B8138F /* AppDelegate.swift */,
				A098070A2C172A7300B8138F /* SceneDelegate.swift */,
				A098070C2C172A7300B8138F /* ViewController.swift */,
				A0558A9E2C173FEC00862740 /* Basics.swift */,
				A098070E2C172A7300B8138F /* Main.storyboard */,
				A09807112C172A7500B8138F /* Assets.xcassets */,
				A09807132C172A7500B8138F /* LaunchScreen.storyboard */,
				A09807162C172A7500B8138F /* Info.plist */,
				A0967A862C184F080002CC9A /* Basic Operators.swift */,
				A0B5D4662C19CDD300B5923F /* Strings and Characters.swift */,
				A0B5D4682C19D0D200B5923F /* Collection Types.swift */,
				A0034DD02C1C204400069F0A /* Control Flow.swift */,
				A04204162C1C7B6C009EBE0D /* Functions.swift */,
				A04204182C203FA5009EBE0D /* Closures.swift */,
				A0FC63D32C235C7E00A4C4C8 /* Enumerations.swift */,
				A0FC63D52C235F1E00A4C4C8 /* Structures And Classes.swift */,
				A0FC63D72C240CDD00A4C4C8 /* Properties.swift */,
				A0FC63D92C296C0300A4C4C8 /* Methods.swift */,
<<<<<<< HEAD
<<<<<<< HEAD
				A0FC63DB2C2993C900A4C4C8 /* Subscripts.swift */,
<<<<<<< HEAD
=======
				A0FC63DD2C2AA12700A4C4C8 /* ARC.swift */,
>>>>>>> 26_ARC
=======
				A0FC63DF2C2B437900A4C4C8 /* Inheritance.swift */,
>>>>>>> 13_Inheritance
=======
				A0FC63E32C2BF3C000A4C4C8 /* Initialization.swift */,
>>>>>>> 14_Initialization
			);
			path = Practice;
			sourceTree = "<group>";
		};
		A098071E2C172A7600B8138F /* PracticeTests */ = {
			isa = PBXGroup;
			children = (
				A098071F2C172A7600B8138F /* PracticeTests.swift */,
			);
			path = PracticeTests;
			sourceTree = "<group>";
		};
		A09807282C172A7600B8138F /* PracticeUITests */ = {
			isa = PBXGroup;
			children = (
				A09807292C172A7600B8138F /* PracticeUITests.swift */,
				A098072B2C172A7600B8138F /* PracticeUITestsLaunchTests.swift */,
			);
			path = PracticeUITests;
			sourceTree = "<group>";
		};
/* End PBXGroup section */

/* Begin PBXNativeTarget section */
		A09807042C172A7300B8138F /* Practice */ = {
			isa = PBXNativeTarget;
			buildConfigurationList = A098072F2C172A7600B8138F /* Build configuration list for PBXNativeTarget "Practice" */;
			buildPhases = (
				A09807012C172A7300B8138F /* Sources */,
				A09807022C172A7300B8138F /* Frameworks */,
				A09807032C172A7300B8138F /* Resources */,
			);
			buildRules = (
			);
			dependencies = (
			);
			name = Practice;
			productName = Practice;
			productReference = A09807052C172A7300B8138F /* Practice.app */;
			productType = "com.apple.product-type.application";
		};
		A098071A2C172A7600B8138F /* PracticeTests */ = {
			isa = PBXNativeTarget;
			buildConfigurationList = A09807322C172A7600B8138F /* Build configuration list for PBXNativeTarget "PracticeTests" */;
			buildPhases = (
				A09807172C172A7600B8138F /* Sources */,
				A09807182C172A7600B8138F /* Frameworks */,
				A09807192C172A7600B8138F /* Resources */,
			);
			buildRules = (
			);
			dependencies = (
				A098071D2C172A7600B8138F /* PBXTargetDependency */,
			);
			name = PracticeTests;
			productName = PracticeTests;
			productReference = A098071B2C172A7600B8138F /* PracticeTests.xctest */;
			productType = "com.apple.product-type.bundle.unit-test";
		};
		A09807242C172A7600B8138F /* PracticeUITests */ = {
			isa = PBXNativeTarget;
			buildConfigurationList = A09807352C172A7600B8138F /* Build configuration list for PBXNativeTarget "PracticeUITests" */;
			buildPhases = (
				A09807212C172A7600B8138F /* Sources */,
				A09807222C172A7600B8138F /* Frameworks */,
				A09807232C172A7600B8138F /* Resources */,
			);
			buildRules = (
			);
			dependencies = (
				A09807272C172A7600B8138F /* PBXTargetDependency */,
			);
			name = PracticeUITests;
			productName = PracticeUITests;
			productReference = A09807252C172A7600B8138F /* PracticeUITests.xctest */;
			productType = "com.apple.product-type.bundle.ui-testing";
		};
/* End PBXNativeTarget section */

/* Begin PBXProject section */
		A09806FD2C172A7300B8138F /* Project object */ = {
			isa = PBXProject;
			attributes = {
				BuildIndependentTargetsInParallel = 1;
				LastSwiftUpdateCheck = 1540;
				LastUpgradeCheck = 1540;
				TargetAttributes = {
					A09807042C172A7300B8138F = {
						CreatedOnToolsVersion = 15.4;
					};
					A098071A2C172A7600B8138F = {
						CreatedOnToolsVersion = 15.4;
						TestTargetID = A09807042C172A7300B8138F;
					};
					A09807242C172A7600B8138F = {
						CreatedOnToolsVersion = 15.4;
						TestTargetID = A09807042C172A7300B8138F;
					};
				};
			};
			buildConfigurationList = A09807002C172A7300B8138F /* Build configuration list for PBXProject "Practice" */;
			compatibilityVersion = "Xcode 14.0";
			developmentRegion = en;
			hasScannedForEncodings = 0;
			knownRegions = (
				en,
				Base,
			);
			mainGroup = A09806FC2C172A7300B8138F;
			productRefGroup = A09807062C172A7300B8138F /* Products */;
			projectDirPath = "";
			projectRoot = "";
			targets = (
				A09807042C172A7300B8138F /* Practice */,
				A098071A2C172A7600B8138F /* PracticeTests */,
				A09807242C172A7600B8138F /* PracticeUITests */,
			);
		};
/* End PBXProject section */

/* Begin PBXResourcesBuildPhase section */
		A09807032C172A7300B8138F /* Resources */ = {
			isa = PBXResourcesBuildPhase;
			buildActionMask = 2147483647;
			files = (
				A09807122C172A7500B8138F /* Assets.xcassets in Resources */,
				A09807152C172A7500B8138F /* Base in Resources */,
				A09807102C172A7300B8138F /* Base in Resources */,
			);
			runOnlyForDeploymentPostprocessing = 0;
		};
		A09807192C172A7600B8138F /* Resources */ = {
			isa = PBXResourcesBuildPhase;
			buildActionMask = 2147483647;
			files = (
			);
			runOnlyForDeploymentPostprocessing = 0;
		};
		A09807232C172A7600B8138F /* Resources */ = {
			isa = PBXResourcesBuildPhase;
			buildActionMask = 2147483647;
			files = (
			);
			runOnlyForDeploymentPostprocessing = 0;
		};
/* End PBXResourcesBuildPhase section */

/* Begin PBXSourcesBuildPhase section */
		A09807012C172A7300B8138F /* Sources */ = {
			isa = PBXSourcesBuildPhase;
			buildActionMask = 2147483647;
			files = (
				A0B5D4672C19CDD300B5923F /* Strings and Characters.swift in Sources */,
				A0B5D4692C19D0D200B5923F /* Collection Types.swift in Sources */,
				A0FC63E02C2B437900A4C4C8 /* Inheritance.swift in Sources */,
				A04204172C1C7B6C009EBE0D /* Functions.swift in Sources */,
				A0FC63E42C2BF3C000A4C4C8 /* Initialization.swift in Sources */,
				A0967A872C184F080002CC9A /* Basic Operators.swift in Sources */,
				A0558A9F2C173FEC00862740 /* Basics.swift in Sources */,
				A098070D2C172A7300B8138F /* ViewController.swift in Sources */,
				A09807092C172A7300B8138F /* AppDelegate.swift in Sources */,
				A0FC63D82C240CDD00A4C4C8 /* Properties.swift in Sources */,
				A0FC63DA2C296C0300A4C4C8 /* Methods.swift in Sources */,
				A04204192C203FA5009EBE0D /* Closures.swift in Sources */,
<<<<<<< HEAD
=======
				A0FC63DE2C2AA12700A4C4C8 /* ARC.swift in Sources */,
>>>>>>> 26_ARC
				A0FC63DC2C2993C900A4C4C8 /* Subscripts.swift in Sources */,
				A0FC63D62C235F1E00A4C4C8 /* Structures And Classes.swift in Sources */,
				A0034DD12C1C204400069F0A /* Control Flow.swift in Sources */,
				A098070B2C172A7300B8138F /* SceneDelegate.swift in Sources */,
				A0FC63D42C235C7E00A4C4C8 /* Enumerations.swift in Sources */,
			);
			runOnlyForDeploymentPostprocessing = 0;
		};
		A09807172C172A7600B8138F /* Sources */ = {
			isa = PBXSourcesBuildPhase;
			buildActionMask = 2147483647;
			files = (
				A09807202C172A7600B8138F /* PracticeTests.swift in Sources */,
			);
			runOnlyForDeploymentPostprocessing = 0;
		};
		A09807212C172A7600B8138F /* Sources */ = {
			isa = PBXSourcesBuildPhase;
			buildActionMask = 2147483647;
			files = (
				A098072C2C172A7600B8138F /* PracticeUITestsLaunchTests.swift in Sources */,
				A098072A2C172A7600B8138F /* PracticeUITests.swift in Sources */,
			);
			runOnlyForDeploymentPostprocessing = 0;
		};
/* End PBXSourcesBuildPhase section */

/* Begin PBXTargetDependency section */
		A098071D2C172A7600B8138F /* PBXTargetDependency */ = {
			isa = PBXTargetDependency;
			target = A09807042C172A7300B8138F /* Practice */;
			targetProxy = A098071C2C172A7600B8138F /* PBXContainerItemProxy */;
		};
		A09807272C172A7600B8138F /* PBXTargetDependency */ = {
			isa = PBXTargetDependency;
			target = A09807042C172A7300B8138F /* Practice */;
			targetProxy = A09807262C172A7600B8138F /* PBXContainerItemProxy */;
		};
/* End PBXTargetDependency section */

/* Begin PBXVariantGroup section */
		A098070E2C172A7300B8138F /* Main.storyboard */ = {
			isa = PBXVariantGroup;
			children = (
				A098070F2C172A7300B8138F /* Base */,
			);
			name = Main.storyboard;
			sourceTree = "<group>";
		};
		A09807132C172A7500B8138F /* LaunchScreen.storyboard */ = {
			isa = PBXVariantGroup;
			children = (
				A09807142C172A7500B8138F /* Base */,
			);
			name = LaunchScreen.storyboard;
			sourceTree = "<group>";
		};
/* End PBXVariantGroup section */

/* Begin XCBuildConfiguration section */
		A098072D2C172A7600B8138F /* Debug */ = {
			isa = XCBuildConfiguration;
			buildSettings = {
				ALWAYS_SEARCH_USER_PATHS = NO;
				ASSETCATALOG_COMPILER_GENERATE_SWIFT_ASSET_SYMBOL_EXTENSIONS = YES;
				CLANG_ANALYZER_NONNULL = YES;
				CLANG_ANALYZER_NUMBER_OBJECT_CONVERSION = YES_AGGRESSIVE;
				CLANG_CXX_LANGUAGE_STANDARD = "gnu++20";
				CLANG_ENABLE_MODULES = YES;
				CLANG_ENABLE_OBJC_ARC = YES;
				CLANG_ENABLE_OBJC_WEAK = YES;
				CLANG_WARN_BLOCK_CAPTURE_AUTORELEASING = YES;
				CLANG_WARN_BOOL_CONVERSION = YES;
				CLANG_WARN_COMMA = YES;
				CLANG_WARN_CONSTANT_CONVERSION = YES;
				CLANG_WARN_DEPRECATED_OBJC_IMPLEMENTATIONS = YES;
				CLANG_WARN_DIRECT_OBJC_ISA_USAGE = YES_ERROR;
				CLANG_WARN_DOCUMENTATION_COMMENTS = YES;
				CLANG_WARN_EMPTY_BODY = YES;
				CLANG_WARN_ENUM_CONVERSION = YES;
				CLANG_WARN_INFINITE_RECURSION = YES;
				CLANG_WARN_INT_CONVERSION = YES;
				CLANG_WARN_NON_LITERAL_NULL_CONVERSION = YES;
				CLANG_WARN_OBJC_IMPLICIT_RETAIN_SELF = YES;
				CLANG_WARN_OBJC_LITERAL_CONVERSION = YES;
				CLANG_WARN_OBJC_ROOT_CLASS = YES_ERROR;
				CLANG_WARN_QUOTED_INCLUDE_IN_FRAMEWORK_HEADER = YES;
				CLANG_WARN_RANGE_LOOP_ANALYSIS = YES;
				CLANG_WARN_STRICT_PROTOTYPES = YES;
				CLANG_WARN_SUSPICIOUS_MOVE = YES;
				CLANG_WARN_UNGUARDED_AVAILABILITY = YES_AGGRESSIVE;
				CLANG_WARN_UNREACHABLE_CODE = YES;
				CLANG_WARN__DUPLICATE_METHOD_MATCH = YES;
				COPY_PHASE_STRIP = NO;
				DEBUG_INFORMATION_FORMAT = dwarf;
				ENABLE_STRICT_OBJC_MSGSEND = YES;
				ENABLE_TESTABILITY = YES;
				ENABLE_USER_SCRIPT_SANDBOXING = YES;
				GCC_C_LANGUAGE_STANDARD = gnu17;
				GCC_DYNAMIC_NO_PIC = NO;
				GCC_NO_COMMON_BLOCKS = YES;
				GCC_OPTIMIZATION_LEVEL = 0;
				GCC_PREPROCESSOR_DEFINITIONS = (
					"DEBUG=1",
					"$(inherited)",
				);
				GCC_WARN_64_TO_32_BIT_CONVERSION = YES;
				GCC_WARN_ABOUT_RETURN_TYPE = YES_ERROR;
				GCC_WARN_UNDECLARED_SELECTOR = YES;
				GCC_WARN_UNINITIALIZED_AUTOS = YES_AGGRESSIVE;
				GCC_WARN_UNUSED_FUNCTION = YES;
				GCC_WARN_UNUSED_VARIABLE = YES;
				IPHONEOS_DEPLOYMENT_TARGET = 17.5;
				LOCALIZATION_PREFERS_STRING_CATALOGS = YES;
				MTL_ENABLE_DEBUG_INFO = INCLUDE_SOURCE;
				MTL_FAST_MATH = YES;
				ONLY_ACTIVE_ARCH = YES;
				SDKROOT = iphoneos;
				SWIFT_ACTIVE_COMPILATION_CONDITIONS = "DEBUG $(inherited)";
				SWIFT_OPTIMIZATION_LEVEL = "-Onone";
			};
			name = Debug;
		};
		A098072E2C172A7600B8138F /* Release */ = {
			isa = XCBuildConfiguration;
			buildSettings = {
				ALWAYS_SEARCH_USER_PATHS = NO;
				ASSETCATALOG_COMPILER_GENERATE_SWIFT_ASSET_SYMBOL_EXTENSIONS = YES;
				CLANG_ANALYZER_NONNULL = YES;
				CLANG_ANALYZER_NUMBER_OBJECT_CONVERSION = YES_AGGRESSIVE;
				CLANG_CXX_LANGUAGE_STANDARD = "gnu++20";
				CLANG_ENABLE_MODULES = YES;
				CLANG_ENABLE_OBJC_ARC = YES;
				CLANG_ENABLE_OBJC_WEAK = YES;
				CLANG_WARN_BLOCK_CAPTURE_AUTORELEASING = YES;
				CLANG_WARN_BOOL_CONVERSION = YES;
				CLANG_WARN_COMMA = YES;
				CLANG_WARN_CONSTANT_CONVERSION = YES;
				CLANG_WARN_DEPRECATED_OBJC_IMPLEMENTATIONS = YES;
				CLANG_WARN_DIRECT_OBJC_ISA_USAGE = YES_ERROR;
				CLANG_WARN_DOCUMENTATION_COMMENTS = YES;
				CLANG_WARN_EMPTY_BODY = YES;
				CLANG_WARN_ENUM_CONVERSION = YES;
				CLANG_WARN_INFINITE_RECURSION = YES;
				CLANG_WARN_INT_CONVERSION = YES;
				CLANG_WARN_NON_LITERAL_NULL_CONVERSION = YES;
				CLANG_WARN_OBJC_IMPLICIT_RETAIN_SELF = YES;
				CLANG_WARN_OBJC_LITERAL_CONVERSION = YES;
				CLANG_WARN_OBJC_ROOT_CLASS = YES_ERROR;
				CLANG_WARN_QUOTED_INCLUDE_IN_FRAMEWORK_HEADER = YES;
				CLANG_WARN_RANGE_LOOP_ANALYSIS = YES;
				CLANG_WARN_STRICT_PROTOTYPES = YES;
				CLANG_WARN_SUSPICIOUS_MOVE = YES;
				CLANG_WARN_UNGUARDED_AVAILABILITY = YES_AGGRESSIVE;
				CLANG_WARN_UNREACHABLE_CODE = YES;
				CLANG_WARN__DUPLICATE_METHOD_MATCH = YES;
				COPY_PHASE_STRIP = NO;
				DEBUG_INFORMATION_FORMAT = "dwarf-with-dsym";
				ENABLE_NS_ASSERTIONS = NO;
				ENABLE_STRICT_OBJC_MSGSEND = YES;
				ENABLE_USER_SCRIPT_SANDBOXING = YES;
				GCC_C_LANGUAGE_STANDARD = gnu17;
				GCC_NO_COMMON_BLOCKS = YES;
				GCC_WARN_64_TO_32_BIT_CONVERSION = YES;
				GCC_WARN_ABOUT_RETURN_TYPE = YES_ERROR;
				GCC_WARN_UNDECLARED_SELECTOR = YES;
				GCC_WARN_UNINITIALIZED_AUTOS = YES_AGGRESSIVE;
				GCC_WARN_UNUSED_FUNCTION = YES;
				GCC_WARN_UNUSED_VARIABLE = YES;
				IPHONEOS_DEPLOYMENT_TARGET = 17.5;
				LOCALIZATION_PREFERS_STRING_CATALOGS = YES;
				MTL_ENABLE_DEBUG_INFO = NO;
				MTL_FAST_MATH = YES;
				SDKROOT = iphoneos;
				SWIFT_COMPILATION_MODE = wholemodule;
				VALIDATE_PRODUCT = YES;
			};
			name = Release;
		};
		A09807302C172A7600B8138F /* Debug */ = {
			isa = XCBuildConfiguration;
			buildSettings = {
				ASSETCATALOG_COMPILER_APPICON_NAME = AppIcon;
				ASSETCATALOG_COMPILER_GLOBAL_ACCENT_COLOR_NAME = AccentColor;
				CODE_SIGN_STYLE = Automatic;
				CURRENT_PROJECT_VERSION = 1;
				DEVELOPMENT_TEAM = RN9X3KHD2H;
				GENERATE_INFOPLIST_FILE = YES;
				INFOPLIST_FILE = Practice/Info.plist;
				INFOPLIST_KEY_UIApplicationSupportsIndirectInputEvents = YES;
				INFOPLIST_KEY_UILaunchStoryboardName = LaunchScreen;
				INFOPLIST_KEY_UIMainStoryboardFile = Main;
				INFOPLIST_KEY_UISupportedInterfaceOrientations_iPad = "UIInterfaceOrientationPortrait UIInterfaceOrientationPortraitUpsideDown UIInterfaceOrientationLandscapeLeft UIInterfaceOrientationLandscapeRight";
				INFOPLIST_KEY_UISupportedInterfaceOrientations_iPhone = "UIInterfaceOrientationPortrait UIInterfaceOrientationLandscapeLeft UIInterfaceOrientationLandscapeRight";
				LD_RUNPATH_SEARCH_PATHS = (
					"$(inherited)",
					"@executable_path/Frameworks",
				);
				MARKETING_VERSION = 1.0;
				PRODUCT_BUNDLE_IDENTIFIER = reizev.Practice;
				PRODUCT_NAME = "$(TARGET_NAME)";
				SWIFT_EMIT_LOC_STRINGS = YES;
				SWIFT_VERSION = 5.0;
				TARGETED_DEVICE_FAMILY = "1,2";
			};
			name = Debug;
		};
		A09807312C172A7600B8138F /* Release */ = {
			isa = XCBuildConfiguration;
			buildSettings = {
				ASSETCATALOG_COMPILER_APPICON_NAME = AppIcon;
				ASSETCATALOG_COMPILER_GLOBAL_ACCENT_COLOR_NAME = AccentColor;
				CODE_SIGN_STYLE = Automatic;
				CURRENT_PROJECT_VERSION = 1;
				DEVELOPMENT_TEAM = RN9X3KHD2H;
				GENERATE_INFOPLIST_FILE = YES;
				INFOPLIST_FILE = Practice/Info.plist;
				INFOPLIST_KEY_UIApplicationSupportsIndirectInputEvents = YES;
				INFOPLIST_KEY_UILaunchStoryboardName = LaunchScreen;
				INFOPLIST_KEY_UIMainStoryboardFile = Main;
				INFOPLIST_KEY_UISupportedInterfaceOrientations_iPad = "UIInterfaceOrientationPortrait UIInterfaceOrientationPortraitUpsideDown UIInterfaceOrientationLandscapeLeft UIInterfaceOrientationLandscapeRight";
				INFOPLIST_KEY_UISupportedInterfaceOrientations_iPhone = "UIInterfaceOrientationPortrait UIInterfaceOrientationLandscapeLeft UIInterfaceOrientationLandscapeRight";
				LD_RUNPATH_SEARCH_PATHS = (
					"$(inherited)",
					"@executable_path/Frameworks",
				);
				MARKETING_VERSION = 1.0;
				PRODUCT_BUNDLE_IDENTIFIER = reizev.Practice;
				PRODUCT_NAME = "$(TARGET_NAME)";
				SWIFT_EMIT_LOC_STRINGS = YES;
				SWIFT_VERSION = 5.0;
				TARGETED_DEVICE_FAMILY = "1,2";
			};
			name = Release;
		};
		A09807332C172A7600B8138F /* Debug */ = {
			isa = XCBuildConfiguration;
			buildSettings = {
				ALWAYS_EMBED_SWIFT_STANDARD_LIBRARIES = YES;
				BUNDLE_LOADER = "$(TEST_HOST)";
				CODE_SIGN_STYLE = Automatic;
				CURRENT_PROJECT_VERSION = 1;
				DEVELOPMENT_TEAM = RN9X3KHD2H;
				GENERATE_INFOPLIST_FILE = YES;
				IPHONEOS_DEPLOYMENT_TARGET = 17.5;
				MARKETING_VERSION = 1.0;
				PRODUCT_BUNDLE_IDENTIFIER = reizev.PracticeTests;
				PRODUCT_NAME = "$(TARGET_NAME)";
				SWIFT_EMIT_LOC_STRINGS = NO;
				SWIFT_VERSION = 5.0;
				TARGETED_DEVICE_FAMILY = "1,2";
				TEST_HOST = "$(BUILT_PRODUCTS_DIR)/Practice.app/$(BUNDLE_EXECUTABLE_FOLDER_PATH)/Practice";
			};
			name = Debug;
		};
		A09807342C172A7600B8138F /* Release */ = {
			isa = XCBuildConfiguration;
			buildSettings = {
				ALWAYS_EMBED_SWIFT_STANDARD_LIBRARIES = YES;
				BUNDLE_LOADER = "$(TEST_HOST)";
				CODE_SIGN_STYLE = Automatic;
				CURRENT_PROJECT_VERSION = 1;
				DEVELOPMENT_TEAM = RN9X3KHD2H;
				GENERATE_INFOPLIST_FILE = YES;
				IPHONEOS_DEPLOYMENT_TARGET = 17.5;
				MARKETING_VERSION = 1.0;
				PRODUCT_BUNDLE_IDENTIFIER = reizev.PracticeTests;
				PRODUCT_NAME = "$(TARGET_NAME)";
				SWIFT_EMIT_LOC_STRINGS = NO;
				SWIFT_VERSION = 5.0;
				TARGETED_DEVICE_FAMILY = "1,2";
				TEST_HOST = "$(BUILT_PRODUCTS_DIR)/Practice.app/$(BUNDLE_EXECUTABLE_FOLDER_PATH)/Practice";
			};
			name = Release;
		};
		A09807362C172A7600B8138F /* Debug */ = {
			isa = XCBuildConfiguration;
			buildSettings = {
				ALWAYS_EMBED_SWIFT_STANDARD_LIBRARIES = YES;
				CODE_SIGN_STYLE = Automatic;
				CURRENT_PROJECT_VERSION = 1;
				DEVELOPMENT_TEAM = RN9X3KHD2H;
				GENERATE_INFOPLIST_FILE = YES;
				MARKETING_VERSION = 1.0;
				PRODUCT_BUNDLE_IDENTIFIER = reizev.PracticeUITests;
				PRODUCT_NAME = "$(TARGET_NAME)";
				SWIFT_EMIT_LOC_STRINGS = NO;
				SWIFT_VERSION = 5.0;
				TARGETED_DEVICE_FAMILY = "1,2";
				TEST_TARGET_NAME = Practice;
			};
			name = Debug;
		};
		A09807372C172A7600B8138F /* Release */ = {
			isa = XCBuildConfiguration;
			buildSettings = {
				ALWAYS_EMBED_SWIFT_STANDARD_LIBRARIES = YES;
				CODE_SIGN_STYLE = Automatic;
				CURRENT_PROJECT_VERSION = 1;
				DEVELOPMENT_TEAM = RN9X3KHD2H;
				GENERATE_INFOPLIST_FILE = YES;
				MARKETING_VERSION = 1.0;
				PRODUCT_BUNDLE_IDENTIFIER = reizev.PracticeUITests;
				PRODUCT_NAME = "$(TARGET_NAME)";
				SWIFT_EMIT_LOC_STRINGS = NO;
				SWIFT_VERSION = 5.0;
				TARGETED_DEVICE_FAMILY = "1,2";
				TEST_TARGET_NAME = Practice;
			};
			name = Release;
		};
/* End XCBuildConfiguration section */

/* Begin XCConfigurationList section */
		A09807002C172A7300B8138F /* Build configuration list for PBXProject "Practice" */ = {
			isa = XCConfigurationList;
			buildConfigurations = (
				A098072D2C172A7600B8138F /* Debug */,
				A098072E2C172A7600B8138F /* Release */,
			);
			defaultConfigurationIsVisible = 0;
			defaultConfigurationName = Release;
		};
		A098072F2C172A7600B8138F /* Build configuration list for PBXNativeTarget "Practice" */ = {
			isa = XCConfigurationList;
			buildConfigurations = (
				A09807302C172A7600B8138F /* Debug */,
				A09807312C172A7600B8138F /* Release */,
			);
			defaultConfigurationIsVisible = 0;
			defaultConfigurationName = Release;
		};
		A09807322C172A7600B8138F /* Build configuration list for PBXNativeTarget "PracticeTests" */ = {
			isa = XCConfigurationList;
			buildConfigurations = (
				A09807332C172A7600B8138F /* Debug */,
				A09807342C172A7600B8138F /* Release */,
			);
			defaultConfigurationIsVisible = 0;
			defaultConfigurationName = Release;
		};
		A09807352C172A7600B8138F /* Build configuration list for PBXNativeTarget "PracticeUITests" */ = {
			isa = XCConfigurationList;
			buildConfigurations = (
				A09807362C172A7600B8138F /* Debug */,
				A09807372C172A7600B8138F /* Release */,
			);
			defaultConfigurationIsVisible = 0;
			defaultConfigurationName = Release;
		};
/* End XCConfigurationList section */
	};
	rootObject = A09806FD2C172A7300B8138F /* Project object */;
}
